
Microsoft Visual Studio Solution File, Format Version 12.00
# Visual Studio Version 16
VisualStudioVersion = 16.0.29911.84
MinimumVisualStudioVersion = 10.0.40219.1
Project("{FAE04EC0-301F-11D3-BF4B-00C04F79EFBC}") = "HarjoitusLoop2", "HarjoitusLoop2\HarjoitusLoop2.csproj", "{C0D5DE7D-F5E1-4248-A2F3-6991FAAACD9F}"
EndProject
Global
	GlobalSection(SolutionConfigurationPlatforms) = preSolution
		Debug|Any CPU = Debug|Any CPU
		Release|Any CPU = Release|Any CPU
	EndGlobalSection
	GlobalSection(ProjectConfigurationPlatforms) = postSolution
		{C0D5DE7D-F5E1-4248-A2F3-6991FAAACD9F}.Debug|Any CPU.ActiveCfg = Debug|Any CPU
		{C0D5DE7D-F5E1-4248-A2F3-6991FAAACD9F}.Debug|Any CPU.Build.0 = Debug|Any CPU
		{C0D5DE7D-F5E1-4248-A2F3-6991FAAACD9F}.Release|Any CPU.ActiveCfg = Release|Any CPU
		{C0D5DE7D-F5E1-4248-A2F3-6991FAAACD9F}.Release|Any CPU.Build.0 = Release|Any CPU
	EndGlobalSection
	GlobalSection(SolutionProperties) = preSolution
		HideSolutionNode = FALSE
	EndGlobalSection
	GlobalSection(ExtensibilityGlobals) = postSolution
		SolutionGuid = {641F0884-E404-412E-A433-8A2072595407}
	EndGlobalSection
EndGlobal
